// !$*UTF8*$!
{
	archiveVersion = 1;
	classes = {
	};
	objectVersion = 46;
	objects = {

/* Begin PBXBuildFile section */
		DE54880F1D990C36002712DB /* DateCollectionViewCell.swift in Sources */ = {isa = PBXBuildFile; fileRef = DE54880E1D990C36002712DB /* DateCollectionViewCell.swift */; };
		DE58808F1D9A5F2E000C93E3 /* StepCollectionViewFlowLayout.swift in Sources */ = {isa = PBXBuildFile; fileRef = DE58808E1D9A5F2E000C93E3 /* StepCollectionViewFlowLayout.swift */; };
		DEF7C3641D8B9EBC0043D9C4 /* AppDelegate.swift in Sources */ = {isa = PBXBuildFile; fileRef = DEF7C3631D8B9EBC0043D9C4 /* AppDelegate.swift */; };
		DEF7C3661D8B9EBC0043D9C4 /* ViewController.swift in Sources */ = {isa = PBXBuildFile; fileRef = DEF7C3651D8B9EBC0043D9C4 /* ViewController.swift */; };
		DEF7C3691D8B9EBC0043D9C4 /* Main.storyboard in Resources */ = {isa = PBXBuildFile; fileRef = DEF7C3671D8B9EBC0043D9C4 /* Main.storyboard */; };
		DEF7C36B1D8B9EBC0043D9C4 /* Assets.xcassets in Resources */ = {isa = PBXBuildFile; fileRef = DEF7C36A1D8B9EBC0043D9C4 /* Assets.xcassets */; };
		DEF7C36E1D8B9EBC0043D9C4 /* LaunchScreen.storyboard in Resources */ = {isa = PBXBuildFile; fileRef = DEF7C36C1D8B9EBC0043D9C4 /* LaunchScreen.storyboard */; };
		DEF7C37A1D8B9F590043D9C4 /* DateTimePicker.swift in Sources */ = {isa = PBXBuildFile; fileRef = DEF7C3791D8B9F590043D9C4 /* DateTimePicker.swift */; };
/* End PBXBuildFile section */

/* Begin PBXFileReference section */
		DE54880E1D990C36002712DB /* DateCollectionViewCell.swift */ = {isa = PBXFileReference; fileEncoding = 4; lastKnownFileType = sourcecode.swift; path = DateCollectionViewCell.swift; sourceTree = "<group>"; };
		DE58808E1D9A5F2E000C93E3 /* StepCollectionViewFlowLayout.swift */ = {isa = PBXFileReference; fileEncoding = 4; lastKnownFileType = sourcecode.swift; path = StepCollectionViewFlowLayout.swift; sourceTree = "<group>"; };
		DEF7C3601D8B9EBC0043D9C4 /* DateTimePicker.app */ = {isa = PBXFileReference; explicitFileType = wrapper.application; includeInIndex = 0; path = DateTimePicker.app; sourceTree = BUILT_PRODUCTS_DIR; };
		DEF7C3631D8B9EBC0043D9C4 /* AppDelegate.swift */ = {isa = PBXFileReference; lastKnownFileType = sourcecode.swift; path = AppDelegate.swift; sourceTree = "<group>"; };
		DEF7C3651D8B9EBC0043D9C4 /* ViewController.swift */ = {isa = PBXFileReference; lastKnownFileType = sourcecode.swift; path = ViewController.swift; sourceTree = "<group>"; };
		DEF7C3681D8B9EBC0043D9C4 /* Base */ = {isa = PBXFileReference; lastKnownFileType = file.storyboard; name = Base; path = Base.lproj/Main.storyboard; sourceTree = "<group>"; };
		DEF7C36A1D8B9EBC0043D9C4 /* Assets.xcassets */ = {isa = PBXFileReference; lastKnownFileType = folder.assetcatalog; path = Assets.xcassets; sourceTree = "<group>"; };
		DEF7C36D1D8B9EBC0043D9C4 /* Base */ = {isa = PBXFileReference; lastKnownFileType = file.storyboard; name = Base; path = Base.lproj/LaunchScreen.storyboard; sourceTree = "<group>"; };
		DEF7C36F1D8B9EBC0043D9C4 /* Info.plist */ = {isa = PBXFileReference; lastKnownFileType = text.plist.xml; path = Info.plist; sourceTree = "<group>"; };
		DEF7C3791D8B9F590043D9C4 /* DateTimePicker.swift */ = {isa = PBXFileReference; fileEncoding = 4; lastKnownFileType = sourcecode.swift; path = DateTimePicker.swift; sourceTree = "<group>"; };
/* End PBXFileReference section */

/* Begin PBXFrameworksBuildPhase section */
		DEF7C35D1D8B9EBC0043D9C4 /* Frameworks */ = {
			isa = PBXFrameworksBuildPhase;
			buildActionMask = 2147483647;
			files = (
			);
			runOnlyForDeploymentPostprocessing = 0;
		};
/* End PBXFrameworksBuildPhase section */

/* Begin PBXGroup section */
		DEF7C3571D8B9EBC0043D9C4 = {
			isa = PBXGroup;
			children = (
				DEF7C3621D8B9EBC0043D9C4 /* DateTimePicker */,
				DEF7C3611D8B9EBC0043D9C4 /* Products */,
			);
			sourceTree = "<group>";
		};
		DEF7C3611D8B9EBC0043D9C4 /* Products */ = {
			isa = PBXGroup;
			children = (
				DEF7C3601D8B9EBC0043D9C4 /* DateTimePicker.app */,
			);
			name = Products;
			sourceTree = "<group>";
		};
		DEF7C3621D8B9EBC0043D9C4 /* DateTimePicker */ = {
			isa = PBXGroup;
			children = (
				DEF7C3781D8B9F590043D9C4 /* Source */,
				DEF7C3631D8B9EBC0043D9C4 /* AppDelegate.swift */,
				DEF7C3651D8B9EBC0043D9C4 /* ViewController.swift */,
				DEF7C3671D8B9EBC0043D9C4 /* Main.storyboard */,
				DEF7C36A1D8B9EBC0043D9C4 /* Assets.xcassets */,
				DEF7C36C1D8B9EBC0043D9C4 /* LaunchScreen.storyboard */,
				DEF7C36F1D8B9EBC0043D9C4 /* Info.plist */,
			);
			path = DateTimePicker;
			sourceTree = "<group>";
		};
		DEF7C3781D8B9F590043D9C4 /* Source */ = {
			isa = PBXGroup;
			children = (
				DEF7C3791D8B9F590043D9C4 /* DateTimePicker.swift */,
				DE54880E1D990C36002712DB /* DateCollectionViewCell.swift */,
				DE58808E1D9A5F2E000C93E3 /* StepCollectionViewFlowLayout.swift */,
			);
			path = Source;
			sourceTree = SOURCE_ROOT;
		};
/* End PBXGroup section */

/* Begin PBXNativeTarget section */
		DEF7C35F1D8B9EBC0043D9C4 /* DateTimePicker */ = {
			isa = PBXNativeTarget;
			buildConfigurationList = DEF7C3721D8B9EBC0043D9C4 /* Build configuration list for PBXNativeTarget "DateTimePicker" */;
			buildPhases = (
				DEF7C35C1D8B9EBC0043D9C4 /* Sources */,
				DEF7C35D1D8B9EBC0043D9C4 /* Frameworks */,
				DEF7C35E1D8B9EBC0043D9C4 /* Resources */,
			);
			buildRules = (
			);
			dependencies = (
			);
			name = DateTimePicker;
			productName = DateTimePicker;
			productReference = DEF7C3601D8B9EBC0043D9C4 /* DateTimePicker.app */;
			productType = "com.apple.product-type.application";
		};
/* End PBXNativeTarget section */

/* Begin PBXProject section */
		DEF7C3581D8B9EBC0043D9C4 /* Project object */ = {
			isa = PBXProject;
			attributes = {
				LastSwiftUpdateCheck = 0730;
				LastUpgradeCheck = 0800;
				ORGANIZATIONNAME = ichigo;
				TargetAttributes = {
					DEF7C35F1D8B9EBC0043D9C4 = {
						CreatedOnToolsVersion = 7.3.1;
						DevelopmentTeam = 42QCGU69Y7;
						LastSwiftMigration = 0800;
					};
				};
			};
			buildConfigurationList = DEF7C35B1D8B9EBC0043D9C4 /* Build configuration list for PBXProject "DateTimePicker" */;
			compatibilityVersion = "Xcode 3.2";
			developmentRegion = English;
			hasScannedForEncodings = 0;
			knownRegions = (
				en,
				Base,
			);
			mainGroup = DEF7C3571D8B9EBC0043D9C4;
			productRefGroup = DEF7C3611D8B9EBC0043D9C4 /* Products */;
			projectDirPath = "";
			projectRoot = "";
			targets = (
				DEF7C35F1D8B9EBC0043D9C4 /* DateTimePicker */,
			);
		};
/* End PBXProject section */

/* Begin PBXResourcesBuildPhase section */
		DEF7C35E1D8B9EBC0043D9C4 /* Resources */ = {
			isa = PBXResourcesBuildPhase;
			buildActionMask = 2147483647;
			files = (
				DEF7C36E1D8B9EBC0043D9C4 /* LaunchScreen.storyboard in Resources */,
				DEF7C36B1D8B9EBC0043D9C4 /* Assets.xcassets in Resources */,
				DEF7C3691D8B9EBC0043D9C4 /* Main.storyboard in Resources */,
			);
			runOnlyForDeploymentPostprocessing = 0;
		};
/* End PBXResourcesBuildPhase section */

/* Begin PBXSourcesBuildPhase section */
		DEF7C35C1D8B9EBC0043D9C4 /* Sources */ = {
			isa = PBXSourcesBuildPhase;
			buildActionMask = 2147483647;
			files = (
				DE54880F1D990C36002712DB /* DateCollectionViewCell.swift in Sources */,
				DE58808F1D9A5F2E000C93E3 /* StepCollectionViewFlowLayout.swift in Sources */,
				DEF7C37A1D8B9F590043D9C4 /* DateTimePicker.swift in Sources */,
				DEF7C3661D8B9EBC0043D9C4 /* ViewController.swift in Sources */,
				DEF7C3641D8B9EBC0043D9C4 /* AppDelegate.swift in Sources */,
			);
			runOnlyForDeploymentPostprocessing = 0;
		};
/* End PBXSourcesBuildPhase section */

/* Begin PBXVariantGroup section */
		DEF7C3671D8B9EBC0043D9C4 /* Main.storyboard */ = {
			isa = PBXVariantGroup;
			children = (
				DEF7C3681D8B9EBC0043D9C4 /* Base */,
			);
			name = Main.storyboard;
			sourceTree = "<group>";
		};
		DEF7C36C1D8B9EBC0043D9C4 /* LaunchScreen.storyboard */ = {
			isa = PBXVariantGroup;
			children = (
				DEF7C36D1D8B9EBC0043D9C4 /* Base */,
			);
			name = LaunchScreen.storyboard;
			sourceTree = "<group>";
		};
/* End PBXVariantGroup section */

/* Begin XCBuildConfiguration section */
		DEF7C3701D8B9EBC0043D9C4 /* Debug */ = {
			isa = XCBuildConfiguration;
			buildSettings = {
				ALWAYS_SEARCH_USER_PATHS = NO;
				CLANG_ANALYZER_NONNULL = YES;
				CLANG_CXX_LANGUAGE_STANDARD = "gnu++0x";
				CLANG_CXX_LIBRARY = "libc++";
				CLANG_ENABLE_MODULES = YES;
				CLANG_ENABLE_OBJC_ARC = YES;
				CLANG_WARN_BOOL_CONVERSION = YES;
				CLANG_WARN_CONSTANT_CONVERSION = YES;
				CLANG_WARN_DIRECT_OBJC_ISA_USAGE = YES_ERROR;
				CLANG_WARN_EMPTY_BODY = YES;
				CLANG_WARN_ENUM_CONVERSION = YES;
				CLANG_WARN_INFINITE_RECURSION = YES;
				CLANG_WARN_INT_CONVERSION = YES;
				CLANG_WARN_OBJC_ROOT_CLASS = YES_ERROR;
				CLANG_WARN_SUSPICIOUS_MOVE = YES;
				CLANG_WARN_UNREACHABLE_CODE = YES;
				CLANG_WARN__DUPLICATE_METHOD_MATCH = YES;
				"CODE_SIGN_IDENTITY[sdk=iphoneos*]" = "iPhone Developer";
				COPY_PHASE_STRIP = NO;
				DEBUG_INFORMATION_FORMAT = dwarf;
				ENABLE_STRICT_OBJC_MSGSEND = YES;
				ENABLE_TESTABILITY = YES;
				GCC_C_LANGUAGE_STANDARD = gnu99;
				GCC_DYNAMIC_NO_PIC = NO;
				GCC_NO_COMMON_BLOCKS = YES;
				GCC_OPTIMIZATION_LEVEL = 0;
				GCC_PREPROCESSOR_DEFINITIONS = (
					"DEBUG=1",
					"$(inherited)",
				);
				GCC_WARN_64_TO_32_BIT_CONVERSION = YES;
				GCC_WARN_ABOUT_RETURN_TYPE = YES_ERROR;
				GCC_WARN_UNDECLARED_SELECTOR = YES;
				GCC_WARN_UNINITIALIZED_AUTOS = YES_AGGRESSIVE;
				GCC_WARN_UNUSED_FUNCTION = YES;
				GCC_WARN_UNUSED_VARIABLE = YES;
				IPHONEOS_DEPLOYMENT_TARGET = 9.3;
				MTL_ENABLE_DEBUG_INFO = YES;
				ONLY_ACTIVE_ARCH = YES;
				SDKROOT = iphoneos;
				SWIFT_OPTIMIZATION_LEVEL = "-Onone";
			};
			name = Debug;
		};
		DEF7C3711D8B9EBC0043D9C4 /* Release */ = {
			isa = XCBuildConfiguration;
			buildSettings = {
				ALWAYS_SEARCH_USER_PATHS = NO;
				CLANG_ANALYZER_NONNULL = YES;
				CLANG_CXX_LANGUAGE_STANDARD = "gnu++0x";
				CLANG_CXX_LIBRARY = "libc++";
				CLANG_ENABLE_MODULES = YES;
				CLANG_ENABLE_OBJC_ARC = YES;
				CLANG_WARN_BOOL_CONVERSION = YES;
				CLANG_WARN_CONSTANT_CONVERSION = YES;
				CLANG_WARN_DIRECT_OBJC_ISA_USAGE = YES_ERROR;
				CLANG_WARN_EMPTY_BODY = YES;
				CLANG_WARN_ENUM_CONVERSION = YES;
				CLANG_WARN_INFINITE_RECURSION = YES;
				CLANG_WARN_INT_CONVERSION = YES;
				CLANG_WARN_OBJC_ROOT_CLASS = YES_ERROR;
				CLANG_WARN_SUSPICIOUS_MOVE = YES;
				CLANG_WARN_UNREACHABLE_CODE = YES;
				CLANG_WARN__DUPLICATE_METHOD_MATCH = YES;
				"CODE_SIGN_IDENTITY[sdk=iphoneos*]" = "iPhone Developer";
				COPY_PHASE_STRIP = NO;
				DEBUG_INFORMATION_FORMAT = "dwarf-with-dsym";
				ENABLE_NS_ASSERTIONS = NO;
				ENABLE_STRICT_OBJC_MSGSEND = YES;
				GCC_C_LANGUAGE_STANDARD = gnu99;
				GCC_NO_COMMON_BLOCKS = YES;
				GCC_WARN_64_TO_32_BIT_CONVERSION = YES;
				GCC_WARN_ABOUT_RETURN_TYPE = YES_ERROR;
				GCC_WARN_UNDECLARED_SELECTOR = YES;
				GCC_WARN_UNINITIALIZED_AUTOS = YES_AGGRESSIVE;
				GCC_WARN_UNUSED_FUNCTION = YES;
				GCC_WARN_UNUSED_VARIABLE = YES;
				IPHONEOS_DEPLOYMENT_TARGET = 9.3;
				MTL_ENABLE_DEBUG_INFO = NO;
				SDKROOT = iphoneos;
				SWIFT_OPTIMIZATION_LEVEL = "-Owholemodule";
				VALIDATE_PRODUCT = YES;
			};
			name = Release;
		};
		DEF7C3731D8B9EBC0043D9C4 /* Debug */ = {
			isa = XCBuildConfiguration;
			buildSettings = {
				ASSETCATALOG_COMPILER_APPICON_NAME = AppIcon;
				DEVELOPMENT_TEAM = 42QCGU69Y7;
				INFOPLIST_FILE = DateTimePicker/Info.plist;
				LD_RUNPATH_SEARCH_PATHS = "$(inherited) @executable_path/Frameworks";
				PRODUCT_BUNDLE_IDENTIFIER = com.ichigo.DateTimePicker;
				PRODUCT_NAME = "$(TARGET_NAME)";
				SWIFT_VERSION = 3.0;
			};
			name = Debug;
		};
		DEF7C3741D8B9EBC0043D9C4 /* Release */ = {
			isa = XCBuildConfiguration;
			buildSettings = {
				ASSETCATALOG_COMPILER_APPICON_NAME = AppIcon;
				DEVELOPMENT_TEAM = 42QCGU69Y7;
				INFOPLIST_FILE = DateTimePicker/Info.plist;
				LD_RUNPATH_SEARCH_PATHS = "$(inherited) @executable_path/Frameworks";
				PRODUCT_BUNDLE_IDENTIFIER = com.ichigo.DateTimePicker;
				PRODUCT_NAME = "$(TARGET_NAME)";
				SWIFT_VERSION = 3.0;
			};
			name = Release;
		};
/* End XCBuildConfiguration section */

/* Begin XCConfigurationList section */
		DEF7C35B1D8B9EBC0043D9C4 /* Build configuration list for PBXProject "DateTimePicker" */ = {
			isa = XCConfigurationList;
			buildConfigurations = (
				DEF7C3701D8B9EBC0043D9C4 /* Debug */,
				DEF7C3711D8B9EBC0043D9C4 /* Release */,
			);
			defaultConfigurationIsVisible = 0;
			defaultConfigurationName = Release;
		};
		DEF7C3721D8B9EBC0043D9C4 /* Build configuration list for PBXNativeTarget "DateTimePicker" */ = {
			isa = XCConfigurationList;
			buildConfigurations = (
				DEF7C3731D8B9EBC0043D9C4 /* Debug */,
				DEF7C3741D8B9EBC0043D9C4 /* Release */,
			);
			defaultConfigurationIsVisible = 0;
			defaultConfigurationName = Release;
		};
/* End XCConfigurationList section */
	};
	rootObject = DEF7C3581D8B9EBC0043D9C4 /* Project object */;
}
